// !$*UTF8*$!
{
	archiveVersion = 1;
	classes = {
	};
	objectVersion = 51;
	objects = {

/* Begin PBXBuildFile section */
		42837C5B2426BAF50047FA59 /* Pods_Shift.framework in Frameworks */ = {isa = PBXBuildFile; fileRef = 42837C5A2426BAF50047FA59 /* Pods_Shift.framework */; };
		42837C9E242735740047FA59 /* SpreadsheetView.framework in Frameworks */ = {isa = PBXBuildFile; fileRef = 42837C9D242735740047FA59 /* SpreadsheetView.framework */; };
		42A5ED432417783C00D0556E /* AppDelegate.swift in Sources */ = {isa = PBXBuildFile; fileRef = 42A5ED422417783C00D0556E /* AppDelegate.swift */; };
		42A5ED452417783C00D0556E /* SceneDelegate.swift in Sources */ = {isa = PBXBuildFile; fileRef = 42A5ED442417783C00D0556E /* SceneDelegate.swift */; };
		42A5ED472417783C00D0556E /* ViewController.swift in Sources */ = {isa = PBXBuildFile; fileRef = 42A5ED462417783C00D0556E /* ViewController.swift */; };
		42A5ED4A2417783C00D0556E /* Main.storyboard in Resources */ = {isa = PBXBuildFile; fileRef = 42A5ED482417783C00D0556E /* Main.storyboard */; };
		42A5ED4C2417784200D0556E /* Assets.xcassets in Resources */ = {isa = PBXBuildFile; fileRef = 42A5ED4B2417784200D0556E /* Assets.xcassets */; };
		42A5ED4F2417784300D0556E /* LaunchScreen.storyboard in Resources */ = {isa = PBXBuildFile; fileRef = 42A5ED4D2417784300D0556E /* LaunchScreen.storyboard */; };
		42A5ED5724179A3900D0556E /* Cells.swift in Sources */ = {isa = PBXBuildFile; fileRef = 42A5ED5624179A3900D0556E /* Cells.swift */; };
/* End PBXBuildFile section */

/* Begin PBXCopyFilesBuildPhase section */
		42837C442426A5690047FA59 /* Embed Frameworks */ = {
			isa = PBXCopyFilesBuildPhase;
			buildActionMask = 2147483647;
			dstPath = "";
			dstSubfolderSpec = 10;
			files = (
			);
			name = "Embed Frameworks";
			runOnlyForDeploymentPostprocessing = 0;
		};
/* End PBXCopyFilesBuildPhase section */

/* Begin PBXFileReference section */
		42837C5A2426BAF50047FA59 /* Pods_Shift.framework */ = {isa = PBXFileReference; explicitFileType = wrapper.framework; path = Pods_Shift.framework; sourceTree = BUILT_PRODUCTS_DIR; };
		42837C9D242735740047FA59 /* SpreadsheetView.framework */ = {isa = PBXFileReference; explicitFileType = wrapper.framework; path = SpreadsheetView.framework; sourceTree = BUILT_PRODUCTS_DIR; };
		42A5ED3F2417783C00D0556E /* Shift.app */ = {isa = PBXFileReference; explicitFileType = wrapper.application; includeInIndex = 0; path = Shift.app; sourceTree = BUILT_PRODUCTS_DIR; };
		42A5ED422417783C00D0556E /* AppDelegate.swift */ = {isa = PBXFileReference; lastKnownFileType = sourcecode.swift; path = AppDelegate.swift; sourceTree = "<group>"; };
		42A5ED442417783C00D0556E /* SceneDelegate.swift */ = {isa = PBXFileReference; lastKnownFileType = sourcecode.swift; path = SceneDelegate.swift; sourceTree = "<group>"; };
		42A5ED462417783C00D0556E /* ViewController.swift */ = {isa = PBXFileReference; lastKnownFileType = sourcecode.swift; path = ViewController.swift; sourceTree = "<group>"; };
		42A5ED492417783C00D0556E /* Base */ = {isa = PBXFileReference; lastKnownFileType = file.storyboard; name = Base; path = Base.lproj/Main.storyboard; sourceTree = "<group>"; };
		42A5ED4B2417784200D0556E /* Assets.xcassets */ = {isa = PBXFileReference; lastKnownFileType = folder.assetcatalog; path = Assets.xcassets; sourceTree = "<group>"; };
		42A5ED4E2417784300D0556E /* Base */ = {isa = PBXFileReference; lastKnownFileType = file.storyboard; name = Base; path = Base.lproj/LaunchScreen.storyboard; sourceTree = "<group>"; };
		42A5ED502417784300D0556E /* Info.plist */ = {isa = PBXFileReference; lastKnownFileType = text.plist.xml; path = Info.plist; sourceTree = "<group>"; };
		42A5ED5624179A3900D0556E /* Cells.swift */ = {isa = PBXFileReference; lastKnownFileType = sourcecode.swift; path = Cells.swift; sourceTree = "<group>"; };
		648CE6506189711BC839FD32 /* Pods-Shift.debug.xcconfig */ = {isa = PBXFileReference; includeInIndex = 1; lastKnownFileType = text.xcconfig; name = "Pods-Shift.debug.xcconfig"; path = "Target Support Files/Pods-Shift/Pods-Shift.debug.xcconfig"; sourceTree = "<group>"; };
		D5FEFF4C8A11AC92C5F32B72 /* Pods-Shift.release.xcconfig */ = {isa = PBXFileReference; includeInIndex = 1; lastKnownFileType = text.xcconfig; name = "Pods-Shift.release.xcconfig"; path = "Target Support Files/Pods-Shift/Pods-Shift.release.xcconfig"; sourceTree = "<group>"; };
/* End PBXFileReference section */

/* Begin PBXFrameworksBuildPhase section */
		42A5ED3C2417783C00D0556E /* Frameworks */ = {
			isa = PBXFrameworksBuildPhase;
			buildActionMask = 2147483647;
			files = (
				42837C9E242735740047FA59 /* SpreadsheetView.framework in Frameworks */,
				42837C5B2426BAF50047FA59 /* Pods_Shift.framework in Frameworks */,
			);
			runOnlyForDeploymentPostprocessing = 0;
		};
/* End PBXFrameworksBuildPhase section */

/* Begin PBXGroup section */
		13BC9CF715BAEDC5A3F1BAF7 /* Pods */ = {
			isa = PBXGroup;
			children = (
				648CE6506189711BC839FD32 /* Pods-Shift.debug.xcconfig */,
				D5FEFF4C8A11AC92C5F32B72 /* Pods-Shift.release.xcconfig */,
			);
			path = Pods;
			sourceTree = "<group>";
		};
		42A5ED362417783C00D0556E = {
			isa = PBXGroup;
			children = (
				42A5ED412417783C00D0556E /* Shift */,
				42A5ED402417783C00D0556E /* Products */,
				13BC9CF715BAEDC5A3F1BAF7 /* Pods */,
				5CA228FEAE9F07F811AD008F /* Frameworks */,
			);
			sourceTree = "<group>";
		};
		42A5ED402417783C00D0556E /* Products */ = {
			isa = PBXGroup;
			children = (
				42A5ED3F2417783C00D0556E /* Shift.app */,
			);
			name = Products;
			sourceTree = "<group>";
		};
		42A5ED412417783C00D0556E /* Shift */ = {
			isa = PBXGroup;
			children = (
				42A5ED422417783C00D0556E /* AppDelegate.swift */,
				42A5ED442417783C00D0556E /* SceneDelegate.swift */,
				42A5ED462417783C00D0556E /* ViewController.swift */,
				42A5ED5624179A3900D0556E /* Cells.swift */,
				42A5ED482417783C00D0556E /* Main.storyboard */,
				42A5ED4B2417784200D0556E /* Assets.xcassets */,
				42A5ED4D2417784300D0556E /* LaunchScreen.storyboard */,
				42A5ED502417784300D0556E /* Info.plist */,
			);
			path = Shift;
			sourceTree = "<group>";
		};
		5CA228FEAE9F07F811AD008F /* Frameworks */ = {
			isa = PBXGroup;
			children = (
				42837C9D242735740047FA59 /* SpreadsheetView.framework */,
				42837C5A2426BAF50047FA59 /* Pods_Shift.framework */,
			);
			name = Frameworks;
			sourceTree = "<group>";
		};
/* End PBXGroup section */

/* Begin PBXNativeTarget section */
		42A5ED3E2417783C00D0556E /* Shift */ = {
			isa = PBXNativeTarget;
			buildConfigurationList = 42A5ED532417784300D0556E /* Build configuration list for PBXNativeTarget "Shift" */;
			buildPhases = (
				57B60D349B20A5142FF89D8E /* [CP] Check Pods Manifest.lock */,
				42A5ED3B2417783C00D0556E /* Sources */,
				42A5ED3C2417783C00D0556E /* Frameworks */,
				42A5ED3D2417783C00D0556E /* Resources */,
				CADC959A74DD123D6DAC72F6 /* [CP] Embed Pods Frameworks */,
				42837C442426A5690047FA59 /* Embed Frameworks */,
			);
			buildRules = (
			);
			dependencies = (
			);
			name = Shift;
			productName = Shift;
			productReference = 42A5ED3F2417783C00D0556E /* Shift.app */;
			productType = "com.apple.product-type.application";
		};
/* End PBXNativeTarget section */

/* Begin PBXProject section */
		42A5ED372417783C00D0556E /* Project object */ = {
			isa = PBXProject;
			attributes = {
				LastSwiftUpdateCheck = 1130;
				LastUpgradeCheck = 1130;
				ORGANIZATIONNAME = "岡田龍太朗";
				TargetAttributes = {
					42A5ED3E2417783C00D0556E = {
						CreatedOnToolsVersion = 11.3.1;
					};
				};
			};
			buildConfigurationList = 42A5ED3A2417783C00D0556E /* Build configuration list for PBXProject "Shift" */;
			compatibilityVersion = "Xcode 9.3";
			developmentRegion = en;
			hasScannedForEncodings = 0;
			knownRegions = (
				en,
				Base,
			);
			mainGroup = 42A5ED362417783C00D0556E;
			productRefGroup = 42A5ED402417783C00D0556E /* Products */;
			projectDirPath = "";
			projectRoot = "";
			targets = (
				42A5ED3E2417783C00D0556E /* Shift */,
			);
		};
/* End PBXProject section */

/* Begin PBXResourcesBuildPhase section */
		42A5ED3D2417783C00D0556E /* Resources */ = {
			isa = PBXResourcesBuildPhase;
			buildActionMask = 2147483647;
			files = (
				42A5ED4F2417784300D0556E /* LaunchScreen.storyboard in Resources */,
				42A5ED4C2417784200D0556E /* Assets.xcassets in Resources */,
				42A5ED4A2417783C00D0556E /* Main.storyboard in Resources */,
			);
			runOnlyForDeploymentPostprocessing = 0;
		};
/* End PBXResourcesBuildPhase section */

/* Begin PBXShellScriptBuildPhase section */
		57B60D349B20A5142FF89D8E /* [CP] Check Pods Manifest.lock */ = {
			isa = PBXShellScriptBuildPhase;
			buildActionMask = 2147483647;
			files = (
			);
			inputFileListPaths = (
			);
			inputPaths = (
				"${PODS_PODFILE_DIR_PATH}/Podfile.lock",
				"${PODS_ROOT}/Manifest.lock",
			);
			name = "[CP] Check Pods Manifest.lock";
			outputFileListPaths = (
			);
			outputPaths = (
				"$(DERIVED_FILE_DIR)/Pods-Shift-checkManifestLockResult.txt",
			);
			runOnlyForDeploymentPostprocessing = 0;
			shellPath = /bin/sh;
			shellScript = "diff \"${PODS_PODFILE_DIR_PATH}/Podfile.lock\" \"${PODS_ROOT}/Manifest.lock\" > /dev/null\nif [ $? != 0 ] ; then\n    # print error to STDERR\n    echo \"error: The sandbox is not in sync with the Podfile.lock. Run 'pod install' or update your CocoaPods installation.\" >&2\n    exit 1\nfi\n# This output is used by Xcode 'outputs' to avoid re-running this script phase.\necho \"SUCCESS\" > \"${SCRIPT_OUTPUT_FILE_0}\"\n";
			showEnvVarsInLog = 0;
		};
		CADC959A74DD123D6DAC72F6 /* [CP] Embed Pods Frameworks */ = {
			isa = PBXShellScriptBuildPhase;
			buildActionMask = 2147483647;
			files = (
			);
			inputFileListPaths = (
				"${PODS_ROOT}/Target Support Files/Pods-Shift/Pods-Shift-frameworks-${CONFIGURATION}-input-files.xcfilelist",
			);
			name = "[CP] Embed Pods Frameworks";
			outputFileListPaths = (
				"${PODS_ROOT}/Target Support Files/Pods-Shift/Pods-Shift-frameworks-${CONFIGURATION}-output-files.xcfilelist",
			);
			runOnlyForDeploymentPostprocessing = 0;
			shellPath = /bin/sh;
			shellScript = "\"${PODS_ROOT}/Target Support Files/Pods-Shift/Pods-Shift-frameworks.sh\"\n";
			showEnvVarsInLog = 0;
		};
/* End PBXShellScriptBuildPhase section */

/* Begin PBXSourcesBuildPhase section */
		42A5ED3B2417783C00D0556E /* Sources */ = {
			isa = PBXSourcesBuildPhase;
			buildActionMask = 2147483647;
			files = (
				42A5ED472417783C00D0556E /* ViewController.swift in Sources */,
				42A5ED5724179A3900D0556E /* Cells.swift in Sources */,
				42A5ED432417783C00D0556E /* AppDelegate.swift in Sources */,
				42A5ED452417783C00D0556E /* SceneDelegate.swift in Sources */,
			);
			runOnlyForDeploymentPostprocessing = 0;
		};
/* End PBXSourcesBuildPhase section */

/* Begin PBXVariantGroup section */
		42A5ED482417783C00D0556E /* Main.storyboard */ = {
			isa = PBXVariantGroup;
			children = (
				42A5ED492417783C00D0556E /* Base */,
			);
			name = Main.storyboard;
			sourceTree = "<group>";
		};
		42A5ED4D2417784300D0556E /* LaunchScreen.storyboard */ = {
			isa = PBXVariantGroup;
			children = (
				42A5ED4E2417784300D0556E /* Base */,
			);
			name = LaunchScreen.storyboard;
			sourceTree = "<group>";
		};
/* End PBXVariantGroup section */

/* Begin XCBuildConfiguration section */
		42A5ED512417784300D0556E /* Debug */ = {
			isa = XCBuildConfiguration;
			buildSettings = {
				ALWAYS_SEARCH_USER_PATHS = NO;
				CLANG_ANALYZER_NONNULL = YES;
				CLANG_ANALYZER_NUMBER_OBJECT_CONVERSION = YES_AGGRESSIVE;
				CLANG_CXX_LANGUAGE_STANDARD = "gnu++14";
				CLANG_CXX_LIBRARY = "libc++";
				CLANG_ENABLE_MODULES = YES;
				CLANG_ENABLE_OBJC_ARC = YES;
				CLANG_ENABLE_OBJC_WEAK = YES;
				CLANG_WARN_BLOCK_CAPTURE_AUTORELEASING = YES;
				CLANG_WARN_BOOL_CONVERSION = YES;
				CLANG_WARN_COMMA = YES;
				CLANG_WARN_CONSTANT_CONVERSION = YES;
				CLANG_WARN_DEPRECATED_OBJC_IMPLEMENTATIONS = YES;
				CLANG_WARN_DIRECT_OBJC_ISA_USAGE = YES_ERROR;
				CLANG_WARN_DOCUMENTATION_COMMENTS = YES;
				CLANG_WARN_EMPTY_BODY = YES;
				CLANG_WARN_ENUM_CONVERSION = YES;
				CLANG_WARN_INFINITE_RECURSION = YES;
				CLANG_WARN_INT_CONVERSION = YES;
				CLANG_WARN_NON_LITERAL_NULL_CONVERSION = YES;
				CLANG_WARN_OBJC_IMPLICIT_RETAIN_SELF = YES;
				CLANG_WARN_OBJC_LITERAL_CONVERSION = YES;
				CLANG_WARN_OBJC_ROOT_CLASS = YES_ERROR;
				CLANG_WARN_RANGE_LOOP_ANALYSIS = YES;
				CLANG_WARN_STRICT_PROTOTYPES = YES;
				CLANG_WARN_SUSPICIOUS_MOVE = YES;
				CLANG_WARN_UNGUARDED_AVAILABILITY = YES_AGGRESSIVE;
				CLANG_WARN_UNREACHABLE_CODE = YES;
				CLANG_WARN__DUPLICATE_METHOD_MATCH = YES;
				COPY_PHASE_STRIP = NO;
				DEBUG_INFORMATION_FORMAT = dwarf;
				ENABLE_STRICT_OBJC_MSGSEND = YES;
				ENABLE_TESTABILITY = YES;
				GCC_C_LANGUAGE_STANDARD = gnu11;
				GCC_DYNAMIC_NO_PIC = NO;
				GCC_NO_COMMON_BLOCKS = YES;
				GCC_OPTIMIZATION_LEVEL = 0;
				GCC_PREPROCESSOR_DEFINITIONS = (
					"DEBUG=1",
					"$(inherited)",
				);
				GCC_WARN_64_TO_32_BIT_CONVERSION = YES;
				GCC_WARN_ABOUT_RETURN_TYPE = YES_ERROR;
				GCC_WARN_UNDECLARED_SELECTOR = YES;
				GCC_WARN_UNINITIALIZED_AUTOS = YES_AGGRESSIVE;
				GCC_WARN_UNUSED_FUNCTION = YES;
				GCC_WARN_UNUSED_VARIABLE = YES;
				IPHONEOS_DEPLOYMENT_TARGET = 9.0;
				MTL_ENABLE_DEBUG_INFO = INCLUDE_SOURCE;
				MTL_FAST_MATH = YES;
				ONLY_ACTIVE_ARCH = YES;
				SDKROOT = iphoneos;
				SWIFT_ACTIVE_COMPILATION_CONDITIONS = DEBUG;
				SWIFT_OPTIMIZATION_LEVEL = "-Onone";
			};
			name = Debug;
		};
		42A5ED522417784300D0556E /* Release */ = {
			isa = XCBuildConfiguration;
			buildSettings = {
				ALWAYS_SEARCH_USER_PATHS = NO;
				CLANG_ANALYZER_NONNULL = YES;
				CLANG_ANALYZER_NUMBER_OBJECT_CONVERSION = YES_AGGRESSIVE;
				CLANG_CXX_LANGUAGE_STANDARD = "gnu++14";
				CLANG_CXX_LIBRARY = "libc++";
				CLANG_ENABLE_MODULES = YES;
				CLANG_ENABLE_OBJC_ARC = YES;
				CLANG_ENABLE_OBJC_WEAK = YES;
				CLANG_WARN_BLOCK_CAPTURE_AUTORELEASING = YES;
				CLANG_WARN_BOOL_CONVERSION = YES;
				CLANG_WARN_COMMA = YES;
				CLANG_WARN_CONSTANT_CONVERSION = YES;
				CLANG_WARN_DEPRECATED_OBJC_IMPLEMENTATIONS = YES;
				CLANG_WARN_DIRECT_OBJC_ISA_USAGE = YES_ERROR;
				CLANG_WARN_DOCUMENTATION_COMMENTS = YES;
				CLANG_WARN_EMPTY_BODY = YES;
				CLANG_WARN_ENUM_CONVERSION = YES;
				CLANG_WARN_INFINITE_RECURSION = YES;
				CLANG_WARN_INT_CONVERSION = YES;
				CLANG_WARN_NON_LITERAL_NULL_CONVERSION = YES;
				CLANG_WARN_OBJC_IMPLICIT_RETAIN_SELF = YES;
				CLANG_WARN_OBJC_LITERAL_CONVERSION = YES;
				CLANG_WARN_OBJC_ROOT_CLASS = YES_ERROR;
				CLANG_WARN_RANGE_LOOP_ANALYSIS = YES;
				CLANG_WARN_STRICT_PROTOTYPES = YES;
				CLANG_WARN_SUSPICIOUS_MOVE = YES;
				CLANG_WARN_UNGUARDED_AVAILABILITY = YES_AGGRESSIVE;
				CLANG_WARN_UNREACHABLE_CODE = YES;
				CLANG_WARN__DUPLICATE_METHOD_MATCH = YES;
				COPY_PHASE_STRIP = NO;
				DEBUG_INFORMATION_FORMAT = "dwarf-with-dsym";
				ENABLE_NS_ASSERTIONS = NO;
				ENABLE_STRICT_OBJC_MSGSEND = YES;
				GCC_C_LANGUAGE_STANDARD = gnu11;
				GCC_NO_COMMON_BLOCKS = YES;
				GCC_WARN_64_TO_32_BIT_CONVERSION = YES;
				GCC_WARN_ABOUT_RETURN_TYPE = YES_ERROR;
				GCC_WARN_UNDECLARED_SELECTOR = YES;
				GCC_WARN_UNINITIALIZED_AUTOS = YES_AGGRESSIVE;
				GCC_WARN_UNUSED_FUNCTION = YES;
				GCC_WARN_UNUSED_VARIABLE = YES;
				IPHONEOS_DEPLOYMENT_TARGET = 9.0;
				MTL_ENABLE_DEBUG_INFO = NO;
				MTL_FAST_MATH = YES;
				SDKROOT = iphoneos;
				SWIFT_COMPILATION_MODE = wholemodule;
				SWIFT_OPTIMIZATION_LEVEL = "-O";
				VALIDATE_PRODUCT = YES;
			};
			name = Release;
		};
		42A5ED542417784300D0556E /* Debug */ = {
			isa = XCBuildConfiguration;
			baseConfigurationReference = 648CE6506189711BC839FD32 /* Pods-Shift.debug.xcconfig */;
			buildSettings = {
				ASSETCATALOG_COMPILER_APPICON_NAME = AppIcon;
				CODE_SIGN_IDENTITY = "Apple Development";
				CODE_SIGN_STYLE = Automatic;
				DEVELOPMENT_TEAM = ASTQ7WDQV7;
				INFOPLIST_FILE = Shift/Info.plist;
				IPHONEOS_DEPLOYMENT_TARGET = 9.0;
				LD_RUNPATH_SEARCH_PATHS = (
					"$(inherited)",
					"@executable_path/Frameworks",
				);
				PRODUCT_BUNDLE_IDENTIFIER = gmail.taroooth.Shift;
				PRODUCT_NAME = "$(TARGET_NAME)";
				PROVISIONING_PROFILE_SPECIFIER = "";
				SWIFT_VERSION = 5.0;
				TARGETED_DEVICE_FAMILY = "1,2";
			};
			name = Debug;
		};
		42A5ED552417784300D0556E /* Release */ = {
			isa = XCBuildConfiguration;
			baseConfigurationReference = D5FEFF4C8A11AC92C5F32B72 /* Pods-Shift.release.xcconfig */;
			buildSettings = {
				ASSETCATALOG_COMPILER_APPICON_NAME = AppIcon;
				CODE_SIGN_IDENTITY = "Apple Development";
				CODE_SIGN_STYLE = Automatic;
				DEVELOPMENT_TEAM = ASTQ7WDQV7;
				INFOPLIST_FILE = Shift/Info.plist;
				IPHONEOS_DEPLOYMENT_TARGET = 9.0;
				LD_RUNPATH_SEARCH_PATHS = (
					"$(inherited)",
					"@executable_path/Frameworks",
				);
				PRODUCT_BUNDLE_IDENTIFIER = gmail.taroooth.Shift;
				PRODUCT_NAME = "$(TARGET_NAME)";
				PROVISIONING_PROFILE_SPECIFIER = "";
				SWIFT_VERSION = 5.0;
				TARGETED_DEVICE_FAMILY = "1,2";
			};
			name = Release;
		};
/* End XCBuildConfiguration section */

/* Begin XCConfigurationList section */
		42A5ED3A2417783C00D0556E /* Build configuration list for PBXProject "Shift" */ = {
			isa = XCConfigurationList;
			buildConfigurations = (
				42A5ED512417784300D0556E /* Debug */,
				42A5ED522417784300D0556E /* Release */,
			);
			defaultConfigurationIsVisible = 0;
			defaultConfigurationName = Release;
		};
		42A5ED532417784300D0556E /* Build configuration list for PBXNativeTarget "Shift" */ = {
			isa = XCConfigurationList;
			buildConfigurations = (
				42A5ED542417784300D0556E /* Debug */,
				42A5ED552417784300D0556E /* Release */,
			);
			defaultConfigurationIsVisible = 0;
			defaultConfigurationName = Release;
		};
/* End XCConfigurationList section */
	};
	rootObject = 42A5ED372417783C00D0556E /* Project object */;
}
